<?xml version="1.0" encoding="utf-8"?>
<Project ToolsVersion="4.0" xmlns="http://schemas.microsoft.com/developer/msbuild/2003">
  <ItemGroup>
    <Filter Include="소스 파일">
      <UniqueIdentifier>{4FC737F1-C7A5-4376-A066-2A32D752A2FF}</UniqueIdentifier>
      <Extensions>cpp;c;cc;cxx;c++;cppm;ixx;def;odl;idl;hpj;bat;asm;asmx</Extensions>
    </Filter>
    <Filter Include="소스 파일\Main">
      <UniqueIdentifier>{042e4382-47cc-459e-aefd-e0ebbdcbe0cd}</UniqueIdentifier>
    </Filter>
    <Filter Include="소스 파일\Protocol">
      <UniqueIdentifier>{9340e964-43ab-45bf-b559-b3c6fc0b69cc}</UniqueIdentifier>
    </Filter>
    <Filter Include="소스 파일\Protocol\Proto">
      <UniqueIdentifier>{8653250f-3d51-4108-a986-a4636b7ded8b}</UniqueIdentifier>
    </Filter>
    <Filter Include="소스 파일\Game">
      <UniqueIdentifier>{29f36f8a-d706-46b7-ae8e-71bb1b29fcd2}</UniqueIdentifier>
    </Filter>
    <Filter Include="소스 파일\Game\Room">
      <UniqueIdentifier>{9f5022d0-6ef4-4c9a-9a72-0504c843db4d}</UniqueIdentifier>
    </Filter>
    <Filter Include="소스 파일\Game\Object">
      <UniqueIdentifier>{2764c4b7-2e65-494f-825f-fd546989c92f}</UniqueIdentifier>
    </Filter>
  </ItemGroup>
  <ItemGroup>
    <ClCompile Include="pch.cpp">
      <Filter>소스 파일\Main</Filter>
    </ClCompile>
    <ClCompile Include="Server.cpp">
      <Filter>소스 파일\Main</Filter>
    </ClCompile>
    <ClCompile Include="GameSession.cpp">
      <Filter>소스 파일\Main</Filter>
    </ClCompile>
    <ClCompile Include="GameSessionManager.cpp">
      <Filter>소스 파일\Main</Filter>
    </ClCompile>
    <ClCompile Include="ServerPacketHandler.cpp">
      <Filter>소스 파일\Main</Filter>
    </ClCompile>
    <ClCompile Include="Protocol.pb.cc">
      <Filter>소스 파일\Protocol</Filter>
    </ClCompile>
    <ClCompile Include="Struct.pb.cc">
      <Filter>소스 파일\Protocol</Filter>
    </ClCompile>
    <ClCompile Include="Enum.pb.cc">
      <Filter>소스 파일\Protocol</Filter>
    </ClCompile>
    <ClCompile Include="GameRoom.cpp">
      <Filter>소스 파일\Game\Room</Filter>
    </ClCompile>
    <ClCompile Include="GameObject.cpp">
      <Filter>소스 파일\Game\Object</Filter>
    </ClCompile>
    <ClCompile Include="Monster.cpp">
      <Filter>소스 파일\Game\Object</Filter>
    </ClCompile>
    <ClCompile Include="Player.cpp">
      <Filter>소스 파일\Game\Object</Filter>
    </ClCompile>
  </ItemGroup>
  <ItemGroup>
    <ClInclude Include="pch.h">
      <Filter>소스 파일\Main</Filter>
    </ClInclude>
    <ClInclude Include="GameSession.h">
      <Filter>소스 파일\Main</Filter>
    </ClInclude>
    <ClInclude Include="GameSessionManager.h">
      <Filter>소스 파일\Main</Filter>
    </ClInclude>
    <ClInclude Include="ServerPacketHandler.h">
      <Filter>소스 파일\Main</Filter>
    </ClInclude>
    <ClInclude Include="Protocol.pb.h">
      <Filter>소스 파일\Protocol</Filter>
    </ClInclude>
    <ClInclude Include="Struct.pb.h">
      <Filter>소스 파일\Protocol</Filter>
    </ClInclude>
    <ClInclude Include="Enum.pb.h">
      <Filter>소스 파일\Protocol</Filter>
    </ClInclude>
    <ClInclude Include="GameRoom.h">
      <Filter>소스 파일\Game\Room</Filter>
    </ClInclude>
    <ClInclude Include="GameObject.h">
      <Filter>소스 파일\Game\Object</Filter>
    </ClInclude>
    <ClInclude Include="Monster.h">
      <Filter>소스 파일\Game\Object</Filter>
    </ClInclude>
    <ClInclude Include="Player.h">
      <Filter>소스 파일\Game\Object</Filter>
    </ClInclude>
  </ItemGroup>
  <ItemGroup>
    <None Include="..\Common\protoc-21.12-win64\bin\Enum.proto">
      <Filter>소스 파일\Protocol\Proto</Filter>
    </None>
    <None Include="..\Common\protoc-21.12-win64\bin\Protocol.proto">
      <Filter>소스 파일\Protocol\Proto</Filter>
    </None>
    <None Include="..\Common\protoc-21.12-win64\bin\Struct.proto">
      <Filter>소스 파일\Protocol\Proto</Filter>
    </None>
    <None Include="..\Common\protoc-21.12-win64\bin\GenPackets.bat">
      <Filter>소스 파일\Protocol</Filter>
    </None>
  </ItemGroup>
</Project>